
Microsoft Visual Studio Solution File, Format Version 12.00
# Visual Studio Version 17
VisualStudioVersion = 17.5.33516.290
MinimumVisualStudioVersion = 10.0.40219.1
Project("{888888A0-9F3D-457C-B088-3A5042F75D52}") = "Video1", "Video1\Video1.pyproj", "{BEE10CE5-FF78-467B-84FF-BA61AA50252B}"
EndProject
Project("{888888A0-9F3D-457C-B088-3A5042F75D52}") = "Video2", "Video2\Video2.pyproj", "{4B64F76E-0D31-4C22-99FA-6EA1EA211622}"
EndProject
Project("{888888A0-9F3D-457C-B088-3A5042F75D52}") = "Video3", "Video3\Video3.pyproj", "{37ADBCC6-1575-4054-B3AC-DE8AC10D27B5}"
EndProject
Project("{888888A0-9F3D-457C-B088-3A5042F75D52}") = "Video4", "Video4\Video4.pyproj", "{2C543566-67CA-4FB5-9300-8E7759A6368F}"
EndProject
Project("{888888A0-9F3D-457C-B088-3A5042F75D52}") = "Video5", "Video5\Video5.pyproj", "{86856B3C-5EBE-4F29-948F-CBEC7775231C}"
EndProject
Project("{888888A0-9F3D-457C-B088-3A5042F75D52}") = "Video6", "Video6\Video6.pyproj", "{568A4E5B-B7CD-43F2-8CE8-D19D38F80214}"
EndProject
Project("{888888A0-9F3D-457C-B088-3A5042F75D52}") = "Video7", "Video7\Video7.pyproj", "{9764A899-0A12-4E97-AA8A-B27EA37867DE}"
EndProject
Project("{888888A0-9F3D-457C-B088-3A5042F75D52}") = "Video10", "Video10\Video10.pyproj", "{D3E7F332-4C5D-4209-B5DE-29B8CF017D7F}"
EndProject
Project("{888888A0-9F3D-457C-B088-3A5042F75D52}") = "Video13", "Video13\Video13.pyproj", "{7C2F94FC-2296-4886-9A78-BA5ED9650C9D}"
EndProject
Project("{888888A0-9F3D-457C-B088-3A5042F75D52}") = "Video8", "Video8\Video8.pyproj", "{D1FD044A-127C-4933-BAAC-463292EBA5BC}"
EndProject
Project("{888888A0-9F3D-457C-B088-3A5042F75D52}") = "Video11", "Video11\Video11.pyproj", "{8F325F22-89A2-4D67-B866-5D3C182CE3DE}"
EndProject
Project("{888888A0-9F3D-457C-B088-3A5042F75D52}") = "Video14", "Video14\Video14.pyproj", "{4CCD5AAD-3A14-4426-9F47-B0D3E76A23DB}"
EndProject
Project("{888888A0-9F3D-457C-B088-3A5042F75D52}") = "Video9", "Video9\Video9.pyproj", "{CE5CF73A-F311-4F3E-B4B2-D8DCF0B9ED7B}"
EndProject
Project("{888888A0-9F3D-457C-B088-3A5042F75D52}") = "Video12", "Video12\Video12.pyproj", "{1A971C2B-5D2A-45E0-8108-CDC27F322A78}"
EndProject
Global
	GlobalSection(SolutionConfigurationPlatforms) = preSolution
		Debug|Any CPU = Debug|Any CPU
		Debug|x64 = Debug|x64
		Debug|x86 = Debug|x86
		Release|Any CPU = Release|Any CPU
		Release|x64 = Release|x64
		Release|x86 = Release|x86
	EndGlobalSection
	GlobalSection(ProjectConfigurationPlatforms) = postSolution
		{BEE10CE5-FF78-467B-84FF-BA61AA50252B}.Debug|Any CPU.ActiveCfg = Debug|Any CPU
		{BEE10CE5-FF78-467B-84FF-BA61AA50252B}.Debug|x64.ActiveCfg = Debug|Any CPU
		{BEE10CE5-FF78-467B-84FF-BA61AA50252B}.Debug|x86.ActiveCfg = Debug|Any CPU
		{BEE10CE5-FF78-467B-84FF-BA61AA50252B}.Release|Any CPU.ActiveCfg = Release|Any CPU
		{BEE10CE5-FF78-467B-84FF-BA61AA50252B}.Release|x64.ActiveCfg = Release|Any CPU
		{BEE10CE5-FF78-467B-84FF-BA61AA50252B}.Release|x86.ActiveCfg = Release|Any CPU
		{4B64F76E-0D31-4C22-99FA-6EA1EA211622}.Debug|Any CPU.ActiveCfg = Debug|Any CPU
		{4B64F76E-0D31-4C22-99FA-6EA1EA211622}.Debug|x64.ActiveCfg = Debug|Any CPU
		{4B64F76E-0D31-4C22-99FA-6EA1EA211622}.Debug|x86.ActiveCfg = Debug|Any CPU
		{4B64F76E-0D31-4C22-99FA-6EA1EA211622}.Release|Any CPU.ActiveCfg = Release|Any CPU
		{4B64F76E-0D31-4C22-99FA-6EA1EA211622}.Release|x64.ActiveCfg = Release|Any CPU
		{4B64F76E-0D31-4C22-99FA-6EA1EA211622}.Release|x86.ActiveCfg = Release|Any CPU
		{37ADBCC6-1575-4054-B3AC-DE8AC10D27B5}.Debug|Any CPU.ActiveCfg = Debug|Any CPU
		{37ADBCC6-1575-4054-B3AC-DE8AC10D27B5}.Debug|x64.ActiveCfg = Debug|Any CPU
		{37ADBCC6-1575-4054-B3AC-DE8AC10D27B5}.Debug|x86.ActiveCfg = Debug|Any CPU
		{37ADBCC6-1575-4054-B3AC-DE8AC10D27B5}.Release|Any CPU.ActiveCfg = Release|Any CPU
		{37ADBCC6-1575-4054-B3AC-DE8AC10D27B5}.Release|x64.ActiveCfg = Release|Any CPU
		{37ADBCC6-1575-4054-B3AC-DE8AC10D27B5}.Release|x86.ActiveCfg = Release|Any CPU
		{2C543566-67CA-4FB5-9300-8E7759A6368F}.Debug|Any CPU.ActiveCfg = Debug|Any CPU
		{2C543566-67CA-4FB5-9300-8E7759A6368F}.Debug|x64.ActiveCfg = Debug|Any CPU
		{2C543566-67CA-4FB5-9300-8E7759A6368F}.Debug|x86.ActiveCfg = Debug|Any CPU
		{2C543566-67CA-4FB5-9300-8E7759A6368F}.Release|Any CPU.ActiveCfg = Release|Any CPU
		{2C543566-67CA-4FB5-9300-8E7759A6368F}.Release|x64.ActiveCfg = Release|Any CPU
		{2C543566-67CA-4FB5-9300-8E7759A6368F}.Release|x86.ActiveCfg = Release|Any CPU
		{86856B3C-5EBE-4F29-948F-CBEC7775231C}.Debug|Any CPU.ActiveCfg = Debug|Any CPU
		{86856B3C-5EBE-4F29-948F-CBEC7775231C}.Debug|x64.ActiveCfg = Debug|Any CPU
		{86856B3C-5EBE-4F29-948F-CBEC7775231C}.Debug|x86.ActiveCfg = Debug|Any CPU
		{86856B3C-5EBE-4F29-948F-CBEC7775231C}.Release|Any CPU.ActiveCfg = Release|Any CPU
		{86856B3C-5EBE-4F29-948F-CBEC7775231C}.Release|x64.ActiveCfg = Release|Any CPU
		{86856B3C-5EBE-4F29-948F-CBEC7775231C}.Release|x86.ActiveCfg = Release|Any CPU
		{568A4E5B-B7CD-43F2-8CE8-D19D38F80214}.Debug|Any CPU.ActiveCfg = Debug|Any CPU
		{568A4E5B-B7CD-43F2-8CE8-D19D38F80214}.Debug|x64.ActiveCfg = Debug|Any CPU
		{568A4E5B-B7CD-43F2-8CE8-D19D38F80214}.Debug|x86.ActiveCfg = Debug|Any CPU
		{568A4E5B-B7CD-43F2-8CE8-D19D38F80214}.Release|Any CPU.ActiveCfg = Release|Any CPU
		{568A4E5B-B7CD-43F2-8CE8-D19D38F80214}.Release|x64.ActiveCfg = Release|Any CPU
		{568A4E5B-B7CD-43F2-8CE8-D19D38F80214}.Release|x86.ActiveCfg = Release|Any CPU
		{9764A899-0A12-4E97-AA8A-B27EA37867DE}.Debug|Any CPU.ActiveCfg = Debug|Any CPU
		{9764A899-0A12-4E97-AA8A-B27EA37867DE}.Debug|x64.ActiveCfg = Debug|Any CPU
		{9764A899-0A12-4E97-AA8A-B27EA37867DE}.Debug|x86.ActiveCfg = Debug|Any CPU
		{9764A899-0A12-4E97-AA8A-B27EA37867DE}.Release|Any CPU.ActiveCfg = Release|Any CPU
		{9764A899-0A12-4E97-AA8A-B27EA37867DE}.Release|x64.ActiveCfg = Release|Any CPU
		{9764A899-0A12-4E97-AA8A-B27EA37867DE}.Release|x86.ActiveCfg = Release|Any CPU
		{D3E7F332-4C5D-4209-B5DE-29B8CF017D7F}.Debug|Any CPU.ActiveCfg = Debug|Any CPU
		{D3E7F332-4C5D-4209-B5DE-29B8CF017D7F}.Debug|x64.ActiveCfg = Debug|Any CPU
		{D3E7F332-4C5D-4209-B5DE-29B8CF017D7F}.Debug|x86.ActiveCfg = Debug|Any CPU
		{D3E7F332-4C5D-4209-B5DE-29B8CF017D7F}.Release|Any CPU.ActiveCfg = Release|Any CPU
		{D3E7F332-4C5D-4209-B5DE-29B8CF017D7F}.Release|x64.ActiveCfg = Release|Any CPU
		{D3E7F332-4C5D-4209-B5DE-29B8CF017D7F}.Release|x86.ActiveCfg = Release|Any CPU
		{7C2F94FC-2296-4886-9A78-BA5ED9650C9D}.Debug|Any CPU.ActiveCfg = Debug|Any CPU
		{7C2F94FC-2296-4886-9A78-BA5ED9650C9D}.Debug|x64.ActiveCfg = Debug|Any CPU
		{7C2F94FC-2296-4886-9A78-BA5ED9650C9D}.Debug|x86.ActiveCfg = Debug|Any CPU
		{7C2F94FC-2296-4886-9A78-BA5ED9650C9D}.Release|Any CPU.ActiveCfg = Release|Any CPU
		{7C2F94FC-2296-4886-9A78-BA5ED9650C9D}.Release|x64.ActiveCfg = Release|Any CPU
		{7C2F94FC-2296-4886-9A78-BA5ED9650C9D}.Release|x86.ActiveCfg = Release|Any CPU
		{D1FD044A-127C-4933-BAAC-463292EBA5BC}.Debug|Any CPU.ActiveCfg = Debug|Any CPU
		{D1FD044A-127C-4933-BAAC-463292EBA5BC}.Debug|x64.ActiveCfg = Debug|Any CPU
		{D1FD044A-127C-4933-BAAC-463292EBA5BC}.Debug|x86.ActiveCfg = Debug|Any CPU
		{D1FD044A-127C-4933-BAAC-463292EBA5BC}.Release|Any CPU.ActiveCfg = Release|Any CPU
		{D1FD044A-127C-4933-BAAC-463292EBA5BC}.Release|x64.ActiveCfg = Release|Any CPU
		{D1FD044A-127C-4933-BAAC-463292EBA5BC}.Release|x86.ActiveCfg = Release|Any CPU
		{8F325F22-89A2-4D67-B866-5D3C182CE3DE}.Debug|Any CPU.ActiveCfg = Debug|Any CPU
		{8F325F22-89A2-4D67-B866-5D3C182CE3DE}.Debug|x64.ActiveCfg = Debug|Any CPU
		{8F325F22-89A2-4D67-B866-5D3C182CE3DE}.Debug|x86.ActiveCfg = Debug|Any CPU
		{8F325F22-89A2-4D67-B866-5D3C182CE3DE}.Release|Any CPU.ActiveCfg = Release|Any CPU
		{8F325F22-89A2-4D67-B866-5D3C182CE3DE}.Release|x64.ActiveCfg = Release|Any CPU
		{8F325F22-89A2-4D67-B866-5D3C182CE3DE}.Release|x86.ActiveCfg = Release|Any CPU
		{4CCD5AAD-3A14-4426-9F47-B0D3E76A23DB}.Debug|Any CPU.ActiveCfg = Debug|Any CPU
		{4CCD5AAD-3A14-4426-9F47-B0D3E76A23DB}.Debug|x64.ActiveCfg = Debug|Any CPU
		{4CCD5AAD-3A14-4426-9F47-B0D3E76A23DB}.Debug|x86.ActiveCfg = Debug|Any CPU
		{4CCD5AAD-3A14-4426-9F47-B0D3E76A23DB}.Release|Any CPU.ActiveCfg = Release|Any CPU
		{4CCD5AAD-3A14-4426-9F47-B0D3E76A23DB}.Release|x64.ActiveCfg = Release|Any CPU
		{4CCD5AAD-3A14-4426-9F47-B0D3E76A23DB}.Release|x86.ActiveCfg = Release|Any CPU
		{CE5CF73A-F311-4F3E-B4B2-D8DCF0B9ED7B}.Debug|Any CPU.ActiveCfg = Debug|Any CPU
		{CE5CF73A-F311-4F3E-B4B2-D8DCF0B9ED7B}.Debug|x64.ActiveCfg = Debug|Any CPU
		{CE5CF73A-F311-4F3E-B4B2-D8DCF0B9ED7B}.Debug|x86.ActiveCfg = Debug|Any CPU
		{CE5CF73A-F311-4F3E-B4B2-D8DCF0B9ED7B}.Release|Any CPU.ActiveCfg = Release|Any CPU
		{CE5CF73A-F311-4F3E-B4B2-D8DCF0B9ED7B}.Release|x64.ActiveCfg = Release|Any CPU
		{CE5CF73A-F311-4F3E-B4B2-D8DCF0B9ED7B}.Release|x86.ActiveCfg = Release|Any CPU
		{1A971C2B-5D2A-45E0-8108-CDC27F322A78}.Debug|Any CPU.ActiveCfg = Debug|Any CPU
		{1A971C2B-5D2A-45E0-8108-CDC27F322A78}.Debug|x64.ActiveCfg = Debug|Any CPU
		{1A971C2B-5D2A-45E0-8108-CDC27F322A78}.Debug|x86.ActiveCfg = Debug|Any CPU
		{1A971C2B-5D2A-45E0-8108-CDC27F322A78}.Release|Any CPU.ActiveCfg = Release|Any CPU
		{1A971C2B-5D2A-45E0-8108-CDC27F322A78}.Release|x64.ActiveCfg = Release|Any CPU
		{1A971C2B-5D2A-45E0-8108-CDC27F322A78}.Release|x86.ActiveCfg = Release|Any CPU
	EndGlobalSection
	GlobalSection(SolutionProperties) = preSolution
		HideSolutionNode = FALSE
	EndGlobalSection
	GlobalSection(ExtensibilityGlobals) = postSolution
		SolutionGuid = {3708F3FF-FC09-475B-A5F1-445F3C4D61F8}
	EndGlobalSection
EndGlobal
